
Microsoft Visual Studio Solution File, Format Version 12.00
# Visual Studio for Mac
Project("{FAE04EC0-301F-11D3-BF4B-00C04F79EFBC}") = "Assembly-CSharp", "Assembly-CSharp.csproj", "{B3BF3A72-0515-2A94-3B95-0021DFC05018}"
EndProject
Project("{FAE04EC0-301F-11D3-BF4B-00C04F79EFBC}") = "Assembly-CSharp-Editor", "Assembly-CSharp-Editor.csproj", "{519A984A-6161-D795-66DF-F5F9D2987F8E}"
EndProject
Global
	GlobalSection(SolutionConfigurationPlatforms) = preSolution
		Debug|Any CPU = Debug|Any CPU
		Release|Any CPU = Release|Any CPU
	EndGlobalSection
	GlobalSection(ProjectConfigurationPlatforms) = postSolution
		{B3BF3A72-0515-2A94-3B95-0021DFC05018}.Debug|Any CPU.ActiveCfg = Debug|Any CPU
		{B3BF3A72-0515-2A94-3B95-0021DFC05018}.Debug|Any CPU.Build.0 = Debug|Any CPU
		{B3BF3A72-0515-2A94-3B95-0021DFC05018}.Release|Any CPU.ActiveCfg = Release|Any CPU
		{B3BF3A72-0515-2A94-3B95-0021DFC05018}.Release|Any CPU.Build.0 = Release|Any CPU
		{519A984A-6161-D795-66DF-F5F9D2987F8E}.Debug|Any CPU.ActiveCfg = Debug|Any CPU
		{519A984A-6161-D795-66DF-F5F9D2987F8E}.Debug|Any CPU.Build.0 = Debug|Any CPU
		{519A984A-6161-D795-66DF-F5F9D2987F8E}.Release|Any CPU.ActiveCfg = Release|Any CPU
		{519A984A-6161-D795-66DF-F5F9D2987F8E}.Release|Any CPU.Build.0 = Release|Any CPU
	EndGlobalSection
	GlobalSection(SolutionProperties) = preSolution
		HideSolutionNode = FALSE
	EndGlobalSection
EndGlobal
